// !$*UTF8*$!
{
	archiveVersion = 1;
	classes = {
	};
	objectVersion = 46;
	objects = {

/* Begin PBXBuildFile section */
		130EF300156803EF009E9711 /* UIKit.framework in Frameworks */ = {isa = PBXBuildFile; fileRef = 130EF2FF156803EF009E9711 /* UIKit.framework */; };
		130EF302156803EF009E9711 /* Foundation.framework in Frameworks */ = {isa = PBXBuildFile; fileRef = 130EF301156803EF009E9711 /* Foundation.framework */; };
		130EF304156803EF009E9711 /* CoreGraphics.framework in Frameworks */ = {isa = PBXBuildFile; fileRef = 130EF303156803EF009E9711 /* CoreGraphics.framework */; };
		130EF30A156803EF009E9711 /* InfoPlist.strings in Resources */ = {isa = PBXBuildFile; fileRef = 130EF308156803EF009E9711 /* InfoPlist.strings */; };
		130EF30C156803EF009E9711 /* main.m in Sources */ = {isa = PBXBuildFile; fileRef = 130EF30B156803EF009E9711 /* main.m */; };
		130EF310156803EF009E9711 /* AppDelegate.m in Sources */ = {isa = PBXBuildFile; fileRef = 130EF30F156803EF009E9711 /* AppDelegate.m */; };
		130EF313156803EF009E9711 /* MainStoryboard.storyboard in Resources */ = {isa = PBXBuildFile; fileRef = 130EF311156803EF009E9711 /* MainStoryboard.storyboard */; };
		130EF316156803EF009E9711 /* CountryListViewController.m in Sources */ = {isa = PBXBuildFile; fileRef = 130EF315156803EF009E9711 /* CountryListViewController.m */; };
		130EF319156803EF009E9711 /* DetailViewController.m in Sources */ = {isa = PBXBuildFile; fileRef = 130EF318156803EF009E9711 /* DetailViewController.m */; };
		130EF3271568093E009E9711 /* Numbers.plist in Resources */ = {isa = PBXBuildFile; fileRef = 130EF3261568093E009E9711 /* Numbers.plist */; };
		130EF32A156824ED009E9711 /* LocationViewController.m in Sources */ = {isa = PBXBuildFile; fileRef = 130EF329156824ED009E9711 /* LocationViewController.m */; };
		130EF32F15683462009E9711 /* CoreLocation.framework in Frameworks */ = {isa = PBXBuildFile; fileRef = 130EF32E15683462009E9711 /* CoreLocation.framework */; };
		138BA096156F7BED00B10296 /* Reachability.m in Sources */ = {isa = PBXBuildFile; fileRef = 138BA095156F7BED00B10296 /* Reachability.m */; settings = {COMPILER_FLAGS = "-fno-objc-arc"; }; };
		138BA098156F7C4500B10296 /* SystemConfiguration.framework in Frameworks */ = {isa = PBXBuildFile; fileRef = 138BA097156F7C4500B10296 /* SystemConfiguration.framework */; };
		13C81CD51572BFD900D16A7A /* background.png in Resources */ = {isa = PBXBuildFile; fileRef = 13C81CD41572BFD900D16A7A /* background.png */; };
		13C81CD71572BFE100D16A7A /* circle.png in Resources */ = {isa = PBXBuildFile; fileRef = 13C81CD61572BFE100D16A7A /* circle.png */; };
		13C81CDD1572C01B00D16A7A /* Icon@2x.png in Resources */ = {isa = PBXBuildFile; fileRef = 13C81CDC1572C01B00D16A7A /* Icon@2x.png */; };
		13C81CDF1572C02500D16A7A /* Icon.png in Resources */ = {isa = PBXBuildFile; fileRef = 13C81CDE1572C02500D16A7A /* Icon.png */; };
/* End PBXBuildFile section */

/* Begin PBXFileReference section */
		130EF2FB156803EF009E9711 /* Int911Caller.app */ = {isa = PBXFileReference; explicitFileType = wrapper.application; includeInIndex = 0; path = Int911Caller.app; sourceTree = BUILT_PRODUCTS_DIR; };
		130EF2FF156803EF009E9711 /* UIKit.framework */ = {isa = PBXFileReference; lastKnownFileType = wrapper.framework; name = UIKit.framework; path = System/Library/Frameworks/UIKit.framework; sourceTree = SDKROOT; };
		130EF301156803EF009E9711 /* Foundation.framework */ = {isa = PBXFileReference; lastKnownFileType = wrapper.framework; name = Foundation.framework; path = System/Library/Frameworks/Foundation.framework; sourceTree = SDKROOT; };
		130EF303156803EF009E9711 /* CoreGraphics.framework */ = {isa = PBXFileReference; lastKnownFileType = wrapper.framework; name = CoreGraphics.framework; path = System/Library/Frameworks/CoreGraphics.framework; sourceTree = SDKROOT; };
		130EF307156803EF009E9711 /* Int911Caller-Info.plist */ = {isa = PBXFileReference; lastKnownFileType = text.plist.xml; path = "Int911Caller-Info.plist"; sourceTree = "<group>"; };
		130EF309156803EF009E9711 /* en */ = {isa = PBXFileReference; lastKnownFileType = text.plist.strings; name = en; path = en.lproj/InfoPlist.strings; sourceTree = "<group>"; };
		130EF30B156803EF009E9711 /* main.m */ = {isa = PBXFileReference; lastKnownFileType = sourcecode.c.objc; path = main.m; sourceTree = "<group>"; };
		130EF30D156803EF009E9711 /* Int911Caller-Prefix.pch */ = {isa = PBXFileReference; lastKnownFileType = sourcecode.c.h; path = "Int911Caller-Prefix.pch"; sourceTree = "<group>"; };
		130EF30E156803EF009E9711 /* AppDelegate.h */ = {isa = PBXFileReference; lastKnownFileType = sourcecode.c.h; path = AppDelegate.h; sourceTree = "<group>"; };
		130EF30F156803EF009E9711 /* AppDelegate.m */ = {isa = PBXFileReference; lastKnownFileType = sourcecode.c.objc; path = AppDelegate.m; sourceTree = "<group>"; };
		130EF312156803EF009E9711 /* en */ = {isa = PBXFileReference; lastKnownFileType = file.storyboard; name = en; path = en.lproj/MainStoryboard.storyboard; sourceTree = "<group>"; };
		130EF314156803EF009E9711 /* CountryListViewController.h */ = {isa = PBXFileReference; lastKnownFileType = sourcecode.c.h; path = CountryListViewController.h; sourceTree = "<group>"; };
		130EF315156803EF009E9711 /* CountryListViewController.m */ = {isa = PBXFileReference; lastKnownFileType = sourcecode.c.objc; path = CountryListViewController.m; sourceTree = "<group>"; };
		130EF317156803EF009E9711 /* DetailViewController.h */ = {isa = PBXFileReference; lastKnownFileType = sourcecode.c.h; path = DetailViewController.h; sourceTree = "<group>"; };
		130EF318156803EF009E9711 /* DetailViewController.m */ = {isa = PBXFileReference; lastKnownFileType = sourcecode.c.objc; path = DetailViewController.m; sourceTree = "<group>"; };
		130EF3261568093E009E9711 /* Numbers.plist */ = {isa = PBXFileReference; fileEncoding = 4; lastKnownFileType = text.plist.xml; path = Numbers.plist; sourceTree = "<group>"; };
		130EF328156824ED009E9711 /* LocationViewController.h */ = {isa = PBXFileReference; fileEncoding = 4; lastKnownFileType = sourcecode.c.h; path = LocationViewController.h; sourceTree = "<group>"; };
		130EF329156824ED009E9711 /* LocationViewController.m */ = {isa = PBXFileReference; fileEncoding = 4; lastKnownFileType = sourcecode.c.objc; path = LocationViewController.m; sourceTree = "<group>"; };
		130EF32E15683462009E9711 /* CoreLocation.framework */ = {isa = PBXFileReference; lastKnownFileType = wrapper.framework; name = CoreLocation.framework; path = System/Library/Frameworks/CoreLocation.framework; sourceTree = SDKROOT; };
		138BA094156F7BEC00B10296 /* Reachability.h */ = {isa = PBXFileReference; fileEncoding = 4; lastKnownFileType = sourcecode.c.h; path = Reachability.h; sourceTree = "<group>"; };
		138BA095156F7BED00B10296 /* Reachability.m */ = {isa = PBXFileReference; fileEncoding = 4; lastKnownFileType = sourcecode.c.objc; path = Reachability.m; sourceTree = "<group>"; };
		138BA097156F7C4500B10296 /* SystemConfiguration.framework */ = {isa = PBXFileReference; lastKnownFileType = wrapper.framework; name = SystemConfiguration.framework; path = System/Library/Frameworks/SystemConfiguration.framework; sourceTree = SDKROOT; };
		13C81CD41572BFD900D16A7A /* background.png */ = {isa = PBXFileReference; lastKnownFileType = image.png; path = background.png; sourceTree = "<group>"; };
		13C81CD61572BFE100D16A7A /* circle.png */ = {isa = PBXFileReference; lastKnownFileType = image.png; path = circle.png; sourceTree = "<group>"; };
		13C81CDC1572C01B00D16A7A /* Icon@2x.png */ = {isa = PBXFileReference; lastKnownFileType = image.png; path = "Icon@2x.png"; sourceTree = "<group>"; };
		13C81CDE1572C02500D16A7A /* Icon.png */ = {isa = PBXFileReference; lastKnownFileType = image.png; path = Icon.png; sourceTree = "<group>"; };
/* End PBXFileReference section */

/* Begin PBXFrameworksBuildPhase section */
		130EF2F8156803EF009E9711 /* Frameworks */ = {
			isa = PBXFrameworksBuildPhase;
			buildActionMask = 2147483647;
			files = (
				138BA098156F7C4500B10296 /* SystemConfiguration.framework in Frameworks */,
				130EF32F15683462009E9711 /* CoreLocation.framework in Frameworks */,
				130EF300156803EF009E9711 /* UIKit.framework in Frameworks */,
				130EF302156803EF009E9711 /* Foundation.framework in Frameworks */,
				130EF304156803EF009E9711 /* CoreGraphics.framework in Frameworks */,
			);
			runOnlyForDeploymentPostprocessing = 0;
		};
/* End PBXFrameworksBuildPhase section */

/* Begin PBXGroup section */
		130EF2F0156803EF009E9711 = {
			isa = PBXGroup;
			children = (
				13C81CDE1572C02500D16A7A /* Icon.png */,
				13C81CDC1572C01B00D16A7A /* Icon@2x.png */,
				130EF305156803EF009E9711 /* Int911Caller */,
				130EF2FE156803EF009E9711 /* Frameworks */,
				130EF2FC156803EF009E9711 /* Products */,
			);
			sourceTree = "<group>";
		};
		130EF2FC156803EF009E9711 /* Products */ = {
			isa = PBXGroup;
			children = (
				130EF2FB156803EF009E9711 /* Int911Caller.app */,
			);
			name = Products;
			sourceTree = "<group>";
		};
		130EF2FE156803EF009E9711 /* Frameworks */ = {
			isa = PBXGroup;
			children = (
				138BA097156F7C4500B10296 /* SystemConfiguration.framework */,
				130EF32E15683462009E9711 /* CoreLocation.framework */,
				130EF2FF156803EF009E9711 /* UIKit.framework */,
				130EF301156803EF009E9711 /* Foundation.framework */,
				130EF303156803EF009E9711 /* CoreGraphics.framework */,
			);
			name = Frameworks;
			sourceTree = "<group>";
		};
		130EF305156803EF009E9711 /* Int911Caller */ = {
			isa = PBXGroup;
			children = (
				13C81CCE1572BFA400D16A7A /* gfx */,
				138BA094156F7BEC00B10296 /* Reachability.h */,
				138BA095156F7BED00B10296 /* Reachability.m */,
				130EF30E156803EF009E9711 /* AppDelegate.h */,
				130EF30F156803EF009E9711 /* AppDelegate.m */,
				130EF311156803EF009E9711 /* MainStoryboard.storyboard */,
				130EF314156803EF009E9711 /* CountryListViewController.h */,
				130EF315156803EF009E9711 /* CountryListViewController.m */,
				130EF317156803EF009E9711 /* DetailViewController.h */,
				130EF318156803EF009E9711 /* DetailViewController.m */,
				130EF306156803EF009E9711 /* Supporting Files */,
				130EF328156824ED009E9711 /* LocationViewController.h */,
				130EF329156824ED009E9711 /* LocationViewController.m */,
			);
			path = Int911Caller;
			sourceTree = "<group>";
		};
		130EF306156803EF009E9711 /* Supporting Files */ = {
			isa = PBXGroup;
			children = (
				130EF307156803EF009E9711 /* Int911Caller-Info.plist */,
				130EF308156803EF009E9711 /* InfoPlist.strings */,
				130EF30B156803EF009E9711 /* main.m */,
				130EF30D156803EF009E9711 /* Int911Caller-Prefix.pch */,
				130EF3261568093E009E9711 /* Numbers.plist */,
			);
			name = "Supporting Files";
			sourceTree = "<group>";
		};
		13C81CCE1572BFA400D16A7A /* gfx */ = {
			isa = PBXGroup;
			children = (
				13C81CD61572BFE100D16A7A /* circle.png */,
				13C81CD41572BFD900D16A7A /* background.png */,
			);
			name = gfx;
			sourceTree = "<group>";
		};
/* End PBXGroup section */

/* Begin PBXNativeTarget section */
		130EF2FA156803EF009E9711 /* Int911Caller */ = {
			isa = PBXNativeTarget;
			buildConfigurationList = 130EF31C156803EF009E9711 /* Build configuration list for PBXNativeTarget "Int911Caller" */;
			buildPhases = (
				130EF2F7156803EF009E9711 /* Sources */,
				130EF2F8156803EF009E9711 /* Frameworks */,
				130EF2F9156803EF009E9711 /* Resources */,
			);
			buildRules = (
			);
			dependencies = (
			);
			name = Int911Caller;
			productName = Int911Caller;
			productReference = 130EF2FB156803EF009E9711 /* Int911Caller.app */;
			productType = "com.apple.product-type.application";
		};
/* End PBXNativeTarget section */

/* Begin PBXProject section */
		130EF2F2156803EF009E9711 /* Project object */ = {
			isa = PBXProject;
			attributes = {
				LastUpgradeCheck = 0430;
			};
			buildConfigurationList = 130EF2F5156803EF009E9711 /* Build configuration list for PBXProject "Int911Caller" */;
			compatibilityVersion = "Xcode 3.2";
			developmentRegion = English;
			hasScannedForEncodings = 0;
			knownRegions = (
				en,
			);
			mainGroup = 130EF2F0156803EF009E9711;
			productRefGroup = 130EF2FC156803EF009E9711 /* Products */;
			projectDirPath = "";
			projectRoot = "";
			targets = (
				130EF2FA156803EF009E9711 /* Int911Caller */,
			);
		};
/* End PBXProject section */

/* Begin PBXResourcesBuildPhase section */
		130EF2F9156803EF009E9711 /* Resources */ = {
			isa = PBXResourcesBuildPhase;
			buildActionMask = 2147483647;
			files = (
				130EF30A156803EF009E9711 /* InfoPlist.strings in Resources */,
				130EF313156803EF009E9711 /* MainStoryboard.storyboard in Resources */,
				130EF3271568093E009E9711 /* Numbers.plist in Resources */,
				13C81CD51572BFD900D16A7A /* background.png in Resources */,
				13C81CD71572BFE100D16A7A /* circle.png in Resources */,
				13C81CDD1572C01B00D16A7A /* Icon@2x.png in Resources */,
				13C81CDF1572C02500D16A7A /* Icon.png in Resources */,
			);
			runOnlyForDeploymentPostprocessing = 0;
		};
/* End PBXResourcesBuildPhase section */

/* Begin PBXSourcesBuildPhase section */
		130EF2F7156803EF009E9711 /* Sources */ = {
			isa = PBXSourcesBuildPhase;
			buildActionMask = 2147483647;
			files = (
				130EF30C156803EF009E9711 /* main.m in Sources */,
				130EF310156803EF009E9711 /* AppDelegate.m in Sources */,
				130EF316156803EF009E9711 /* CountryListViewController.m in Sources */,
				130EF319156803EF009E9711 /* DetailViewController.m in Sources */,
				130EF32A156824ED009E9711 /* LocationViewController.m in Sources */,
				138BA096156F7BED00B10296 /* Reachability.m in Sources */,
			);
			runOnlyForDeploymentPostprocessing = 0;
		};
/* End PBXSourcesBuildPhase section */

/* Begin PBXVariantGroup section */
		130EF308156803EF009E9711 /* InfoPlist.strings */ = {
			isa = PBXVariantGroup;
			children = (
				130EF309156803EF009E9711 /* en */,
			);
			name = InfoPlist.strings;
			sourceTree = "<group>";
		};
		130EF311156803EF009E9711 /* MainStoryboard.storyboard */ = {
			isa = PBXVariantGroup;
			children = (
				130EF312156803EF009E9711 /* en */,
			);
			name = MainStoryboard.storyboard;
			sourceTree = "<group>";
		};
/* End PBXVariantGroup section */

/* Begin XCBuildConfiguration section */
		130EF31A156803EF009E9711 /* Debug */ = {
			isa = XCBuildConfiguration;
			buildSettings = {
				ALWAYS_SEARCH_USER_PATHS = NO;
				ARCHS = "$(ARCHS_STANDARD_32_BIT)";
				CLANG_ENABLE_OBJC_ARC = YES;
				"CODE_SIGN_IDENTITY[sdk=iphoneos*]" = "iPhone Developer";
				COPY_PHASE_STRIP = NO;
				GCC_C_LANGUAGE_STANDARD = gnu99;
				GCC_DYNAMIC_NO_PIC = NO;
				GCC_OPTIMIZATION_LEVEL = 0;
				GCC_PREPROCESSOR_DEFINITIONS = (
					"DEBUG=1",
					"$(inherited)",
				);
				GCC_SYMBOLS_PRIVATE_EXTERN = NO;
				GCC_VERSION = com.apple.compilers.llvm.clang.1_0;
				GCC_WARN_ABOUT_RETURN_TYPE = YES;
				GCC_WARN_UNINITIALIZED_AUTOS = YES;
				GCC_WARN_UNUSED_VARIABLE = YES;
				IPHONEOS_DEPLOYMENT_TARGET = 5.1;
				SDKROOT = iphoneos;
			};
			name = Debug;
		};
		130EF31B156803EF009E9711 /* Release */ = {
			isa = XCBuildConfiguration;
			buildSettings = {
				ALWAYS_SEARCH_USER_PATHS = NO;
				ARCHS = "$(ARCHS_STANDARD_32_BIT)";
				CLANG_ENABLE_OBJC_ARC = YES;
				"CODE_SIGN_IDENTITY[sdk=iphoneos*]" = "iPhone Developer";
				COPY_PHASE_STRIP = YES;
				GCC_C_LANGUAGE_STANDARD = gnu99;
				GCC_VERSION = com.apple.compilers.llvm.clang.1_0;
				GCC_WARN_ABOUT_RETURN_TYPE = YES;
				GCC_WARN_UNINITIALIZED_AUTOS = YES;
				GCC_WARN_UNUSED_VARIABLE = YES;
				IPHONEOS_DEPLOYMENT_TARGET = 5.1;
				OTHER_CFLAGS = "-DNS_BLOCK_ASSERTIONS=1";
				SDKROOT = iphoneos;
				VALIDATE_PRODUCT = YES;
			};
			name = Release;
		};
		130EF31D156803EF009E9711 /* Debug */ = {
			isa = XCBuildConfiguration;
			buildSettings = {
				GCC_PRECOMPILE_PREFIX_HEADER = YES;
				GCC_PREFIX_HEADER = "Int911Caller/Int911Caller-Prefix.pch";
				INFOPLIST_FILE = "Int911Caller/Int911Caller-Info.plist";
				PRODUCT_NAME = "$(TARGET_NAME)";
				WRAPPER_EXTENSION = app;
			};
			name = Debug;
		};
		130EF31E156803EF009E9711 /* Release */ = {
			isa = XCBuildConfiguration;
			buildSettings = {
				GCC_PRECOMPILE_PREFIX_HEADER = YES;
				GCC_PREFIX_HEADER = "Int911Caller/Int911Caller-Prefix.pch";
				INFOPLIST_FILE = "Int911Caller/Int911Caller-Info.plist";
				PRODUCT_NAME = "$(TARGET_NAME)";
				WRAPPER_EXTENSION = app;
			};
			name = Release;
		};
/* End XCBuildConfiguration section */

/* Begin XCConfigurationList section */
		130EF2F5156803EF009E9711 /* Build configuration list for PBXProject "Int911Caller" */ = {
			isa = XCConfigurationList;
			buildConfigurations = (
				130EF31A156803EF009E9711 /* Debug */,
				130EF31B156803EF009E9711 /* Release */,
			);
			defaultConfigurationIsVisible = 0;
			defaultConfigurationName = Release;
		};
		130EF31C156803EF009E9711 /* Build configuration list for PBXNativeTarget "Int911Caller" */ = {
			isa = XCConfigurationList;
			buildConfigurations = (
				130EF31D156803EF009E9711 /* Debug */,
				130EF31E156803EF009E9711 /* Release */,
			);
			defaultConfigurationIsVisible = 0;
			defaultConfigurationName = Release;
		};
/* End XCConfigurationList section */
	};
	rootObject = 130EF2F2156803EF009E9711 /* Project object */;
}
