// !$*UTF8*$!
{
	archiveVersion = 1;
	classes = {
	};
	objectVersion = 46;
	objects = {

/* Begin PBXBuildFile section */
		130EF300156803EF009E9711 /* UIKit.framework in Frameworks */ = {isa = PBXBuildFile; fileRef = 130EF2FF156803EF009E9711 /* UIKit.framework */; };
		130EF302156803EF009E9711 /* Foundation.framework in Frameworks */ = {isa = PBXBuildFile; fileRef = 130EF301156803EF009E9711 /* Foundation.framework */; };
		130EF304156803EF009E9711 /* CoreGraphics.framework in Frameworks */ = {isa = PBXBuildFile; fileRef = 130EF303156803EF009E9711 /* CoreGraphics.framework */; };
		130EF30A156803EF009E9711 /* InfoPlist.strings in Resources */ = {isa = PBXBuildFile; fileRef = 130EF308156803EF009E9711 /* InfoPlist.strings */; };
		130EF30C156803EF009E9711 /* main.m in Sources */ = {isa = PBXBuildFile; fileRef = 130EF30B156803EF009E9711 /* main.m */; };
		130EF310156803EF009E9711 /* AppDelegate.m in Sources */ = {isa = PBXBuildFile; fileRef = 130EF30F156803EF009E9711 /* AppDelegate.m */; };
		130EF313156803EF009E9711 /* MainStoryboard.storyboard in Resources */ = {isa = PBXBuildFile; fileRef = 130EF311156803EF009E9711 /* MainStoryboard.storyboard */; };
		130EF316156803EF009E9711 /* CountryListViewController.m in Sources */ = {isa = PBXBuildFile; fileRef = 130EF315156803EF009E9711 /* CountryListViewController.m */; };
		130EF319156803EF009E9711 /* DetailViewController.m in Sources */ = {isa = PBXBuildFile; fileRef = 130EF318156803EF009E9711 /* DetailViewController.m */; };
		130EF3271568093E009E9711 /* Europe.plist in Resources */ = {isa = PBXBuildFile; fileRef = 130EF3261568093E009E9711 /* Europe.plist */; };
		130EF32A156824ED009E9711 /* LocationViewController.m in Sources */ = {isa = PBXBuildFile; fileRef = 130EF329156824ED009E9711 /* LocationViewController.m */; };
		130EF32F15683462009E9711 /* CoreLocation.framework in Frameworks */ = {isa = PBXBuildFile; fileRef = 130EF32E15683462009E9711 /* CoreLocation.framework */; };
		132CC12715777C560059E90B /* CallButton.m in Sources */ = {isa = PBXBuildFile; fileRef = 132CC12615777C560059E90B /* CallButton.m */; };
		132CC12A157781EC0059E90B /* GUI-911_error.png in Resources */ = {isa = PBXBuildFile; fileRef = 132CC129157781EC0059E90B /* GUI-911_error.png */; };
		132CC1431577C4490059E90B /* 74-location.png in Resources */ = {isa = PBXBuildFile; fileRef = 132CC1411577C4490059E90B /* 74-location.png */; };
		132CC1441577C4490059E90B /* 74-location@2x.png in Resources */ = {isa = PBXBuildFile; fileRef = 132CC1421577C4490059E90B /* 74-location@2x.png */; };
		132CC1471577C4A10059E90B /* 104-index-cards.png in Resources */ = {isa = PBXBuildFile; fileRef = 132CC1451577C4A10059E90B /* 104-index-cards.png */; };
		132CC1481577C4A10059E90B /* 104-index-cards@2x.png in Resources */ = {isa = PBXBuildFile; fileRef = 132CC1461577C4A10059E90B /* 104-index-cards@2x.png */; };
		133C72221580CEF100AE031E /* InfoPage.plist in Resources */ = {isa = PBXBuildFile; fileRef = 133C72211580CEF100AE031E /* InfoPage.plist */; };
		133C726D1580D2E500AE031E /* Security.framework in Frameworks */ = {isa = PBXBuildFile; fileRef = 133C726C1580D2E500AE031E /* Security.framework */; };
		133C726F1580D2EE00AE031E /* MessageUI.framework in Frameworks */ = {isa = PBXBuildFile; fileRef = 133C726E1580D2EE00AE031E /* MessageUI.framework */; };
		1341247E1578F1D200373AC2 /* GUI-911_arrow.png in Resources */ = {isa = PBXBuildFile; fileRef = 1341247D1578F1D200373AC2 /* GUI-911_arrow.png */; };
		134124881578FCD400373AC2 /* ErrorViewController.m in Sources */ = {isa = PBXBuildFile; fileRef = 134124871578FCD400373AC2 /* ErrorViewController.m */; };
		13412489157906E500373AC2 /* Localizable.strings in Resources */ = {isa = PBXBuildFile; fileRef = 1341248B157906E500373AC2 /* Localizable.strings */; };
		1341248E15790E8900373AC2 /* GUI-911_button@2x.png in Resources */ = {isa = PBXBuildFile; fileRef = 1341248D15790E8900373AC2 /* GUI-911_button@2x.png */; };
		134124901579134100373AC2 /* GUI-911_button_big@2x.png in Resources */ = {isa = PBXBuildFile; fileRef = 1341248F1579134100373AC2 /* GUI-911_button_big@2x.png */; };
		134124921579137B00373AC2 /* GUI-911_button_big.png in Resources */ = {isa = PBXBuildFile; fileRef = 134124911579137B00373AC2 /* GUI-911_button_big.png */; };
		135850E115838F7D007F2131 /* Default@2x.png in Resources */ = {isa = PBXBuildFile; fileRef = 135850E015838F7D007F2131 /* Default@2x.png */; };
		135850E315838F81007F2131 /* Default.png in Resources */ = {isa = PBXBuildFile; fileRef = 135850E215838F81007F2131 /* Default.png */; };
		137E20571574E57B0068E4E8 /* GUI-911_circle.png in Resources */ = {isa = PBXBuildFile; fileRef = 137E20541574E57B0068E4E8 /* GUI-911_circle.png */; };
		137E205B1574E6910068E4E8 /* GUI-911_background.png in Resources */ = {isa = PBXBuildFile; fileRef = 137E20591574E6910068E4E8 /* GUI-911_background.png */; };
		137E205C1574E6910068E4E8 /* GUI-911_button.png in Resources */ = {isa = PBXBuildFile; fileRef = 137E205A1574E6910068E4E8 /* GUI-911_button.png */; };
		138BA098156F7C4500B10296 /* SystemConfiguration.framework in Frameworks */ = {isa = PBXBuildFile; fileRef = 138BA097156F7C4500B10296 /* SystemConfiguration.framework */; };
		139152C1157E5F63002CA51D /* Africa.plist in Resources */ = {isa = PBXBuildFile; fileRef = 139152C0157E5F63002CA51D /* Africa.plist */; };
		139152C3157E5FBE002CA51D /* Asia.plist in Resources */ = {isa = PBXBuildFile; fileRef = 139152C2157E5FBE002CA51D /* Asia.plist */; };
		139152C5157E5FF0002CA51D /* SouthAmerica.plist in Resources */ = {isa = PBXBuildFile; fileRef = 139152C4157E5FF0002CA51D /* SouthAmerica.plist */; };
		139152C7157E5FFC002CA51D /* NorthAmerica.plist in Resources */ = {isa = PBXBuildFile; fileRef = 139152C6157E5FFC002CA51D /* NorthAmerica.plist */; };
		139152C9157E6013002CA51D /* CentralAmerica.plist in Resources */ = {isa = PBXBuildFile; fileRef = 139152C8157E6013002CA51D /* CentralAmerica.plist */; };
		139152CB157E765F002CA51D /* AustraliaOceania.plist in Resources */ = {isa = PBXBuildFile; fileRef = 139152CA157E765F002CA51D /* AustraliaOceania.plist */; };
		139152CE157E7C73002CA51D /* InfoViewController.m in Sources */ = {isa = PBXBuildFile; fileRef = 139152CD157E7C73002CA51D /* InfoViewController.m */; };
		13971C241578033B0005994A /* libTestFlight.a in Frameworks */ = {isa = PBXBuildFile; fileRef = 13971C201578033B0005994A /* libTestFlight.a */; };
		13971C251578033B0005994A /* README.txt in Resources */ = {isa = PBXBuildFile; fileRef = 13971C211578033B0005994A /* README.txt */; };
		13971C261578033B0005994A /* release_notes.txt in Resources */ = {isa = PBXBuildFile; fileRef = 13971C221578033B0005994A /* release_notes.txt */; };
		13971C28157803880005994A /* libz.dylib in Frameworks */ = {isa = PBXBuildFile; fileRef = 13971C27157803880005994A /* libz.dylib */; };
		13AD119115835DFB0096E89C /* GUI-911_info_button.png in Resources */ = {isa = PBXBuildFile; fileRef = 13AD118E15835DFB0096E89C /* GUI-911_info_button.png */; };
		13AD119215835DFB0096E89C /* GUI-911_logo.png in Resources */ = {isa = PBXBuildFile; fileRef = 13AD118F15835DFB0096E89C /* GUI-911_logo.png */; };
		13AD119315835DFB0096E89C /* GUI-911_twitter.png in Resources */ = {isa = PBXBuildFile; fileRef = 13AD119015835DFB0096E89C /* GUI-911_twitter.png */; };
		13C81CDD1572C01B00D16A7A /* Icon@2x.png in Resources */ = {isa = PBXBuildFile; fileRef = 13C81CDC1572C01B00D16A7A /* Icon@2x.png */; };
		13C81CDF1572C02500D16A7A /* Icon.png in Resources */ = {isa = PBXBuildFile; fileRef = 13C81CDE1572C02500D16A7A /* Icon.png */; };
		13C81CED1574BCF300D16A7A /* CountryListing.m in Sources */ = {isa = PBXBuildFile; fileRef = 13C81CEC1574BCF300D16A7A /* CountryListing.m */; };
		13E40D0C158392F100679260 /* main.m in Sources */ = {isa = PBXBuildFile; fileRef = 130EF30B156803EF009E9711 /* main.m */; };
		13E40D0D158392F100679260 /* AppDelegate.m in Sources */ = {isa = PBXBuildFile; fileRef = 130EF30F156803EF009E9711 /* AppDelegate.m */; };
		13E40D0E158392F100679260 /* CountryListViewController.m in Sources */ = {isa = PBXBuildFile; fileRef = 130EF315156803EF009E9711 /* CountryListViewController.m */; };
		13E40D0F158392F100679260 /* DetailViewController.m in Sources */ = {isa = PBXBuildFile; fileRef = 130EF318156803EF009E9711 /* DetailViewController.m */; };
		13E40D10158392F100679260 /* LocationViewController.m in Sources */ = {isa = PBXBuildFile; fileRef = 130EF329156824ED009E9711 /* LocationViewController.m */; };
		13E40D11158392F100679260 /* CountryListing.m in Sources */ = {isa = PBXBuildFile; fileRef = 13C81CEC1574BCF300D16A7A /* CountryListing.m */; };
		13E40D12158392F100679260 /* CallButton.m in Sources */ = {isa = PBXBuildFile; fileRef = 132CC12615777C560059E90B /* CallButton.m */; };
		13E40D13158392F100679260 /* ErrorViewController.m in Sources */ = {isa = PBXBuildFile; fileRef = 134124871578FCD400373AC2 /* ErrorViewController.m */; };
		13E40D14158392F100679260 /* InfoViewController.m in Sources */ = {isa = PBXBuildFile; fileRef = 139152CD157E7C73002CA51D /* InfoViewController.m */; };
		13E40D16158392F100679260 /* MessageUI.framework in Frameworks */ = {isa = PBXBuildFile; fileRef = 133C726E1580D2EE00AE031E /* MessageUI.framework */; };
		13E40D17158392F100679260 /* Security.framework in Frameworks */ = {isa = PBXBuildFile; fileRef = 133C726C1580D2E500AE031E /* Security.framework */; };
		13E40D18158392F100679260 /* libz.dylib in Frameworks */ = {isa = PBXBuildFile; fileRef = 13971C27157803880005994A /* libz.dylib */; };
		13E40D19158392F100679260 /* SystemConfiguration.framework in Frameworks */ = {isa = PBXBuildFile; fileRef = 138BA097156F7C4500B10296 /* SystemConfiguration.framework */; };
		13E40D1A158392F100679260 /* CoreLocation.framework in Frameworks */ = {isa = PBXBuildFile; fileRef = 130EF32E15683462009E9711 /* CoreLocation.framework */; };
		13E40D1B158392F100679260 /* UIKit.framework in Frameworks */ = {isa = PBXBuildFile; fileRef = 130EF2FF156803EF009E9711 /* UIKit.framework */; };
		13E40D1C158392F100679260 /* Foundation.framework in Frameworks */ = {isa = PBXBuildFile; fileRef = 130EF301156803EF009E9711 /* Foundation.framework */; };
		13E40D1D158392F100679260 /* CoreGraphics.framework in Frameworks */ = {isa = PBXBuildFile; fileRef = 130EF303156803EF009E9711 /* CoreGraphics.framework */; };
		13E40D1E158392F100679260 /* libTestFlight.a in Frameworks */ = {isa = PBXBuildFile; fileRef = 13971C201578033B0005994A /* libTestFlight.a */; };
		13E40D20158392F100679260 /* InfoPlist.strings in Resources */ = {isa = PBXBuildFile; fileRef = 130EF308156803EF009E9711 /* InfoPlist.strings */; };
		13E40D21158392F100679260 /* MainStoryboard.storyboard in Resources */ = {isa = PBXBuildFile; fileRef = 130EF311156803EF009E9711 /* MainStoryboard.storyboard */; };
		13E40D22158392F100679260 /* Europe.plist in Resources */ = {isa = PBXBuildFile; fileRef = 130EF3261568093E009E9711 /* Europe.plist */; };
		13E40D23158392F100679260 /* Icon@2x.png in Resources */ = {isa = PBXBuildFile; fileRef = 13C81CDC1572C01B00D16A7A /* Icon@2x.png */; };
		13E40D24158392F100679260 /* Icon.png in Resources */ = {isa = PBXBuildFile; fileRef = 13C81CDE1572C02500D16A7A /* Icon.png */; };
		13E40D25158392F100679260 /* GUI-911_circle.png in Resources */ = {isa = PBXBuildFile; fileRef = 137E20541574E57B0068E4E8 /* GUI-911_circle.png */; };
		13E40D26158392F100679260 /* GUI-911_background.png in Resources */ = {isa = PBXBuildFile; fileRef = 137E20591574E6910068E4E8 /* GUI-911_background.png */; };
		13E40D27158392F100679260 /* GUI-911_button.png in Resources */ = {isa = PBXBuildFile; fileRef = 137E205A1574E6910068E4E8 /* GUI-911_button.png */; };
		13E40D28158392F100679260 /* GUI-911_error.png in Resources */ = {isa = PBXBuildFile; fileRef = 132CC129157781EC0059E90B /* GUI-911_error.png */; };
		13E40D29158392F100679260 /* 74-location.png in Resources */ = {isa = PBXBuildFile; fileRef = 132CC1411577C4490059E90B /* 74-location.png */; };
		13E40D2A158392F100679260 /* 74-location@2x.png in Resources */ = {isa = PBXBuildFile; fileRef = 132CC1421577C4490059E90B /* 74-location@2x.png */; };
		13E40D2B158392F100679260 /* 104-index-cards.png in Resources */ = {isa = PBXBuildFile; fileRef = 132CC1451577C4A10059E90B /* 104-index-cards.png */; };
		13E40D2C158392F100679260 /* 104-index-cards@2x.png in Resources */ = {isa = PBXBuildFile; fileRef = 132CC1461577C4A10059E90B /* 104-index-cards@2x.png */; };
		13E40D2D158392F100679260 /* README.txt in Resources */ = {isa = PBXBuildFile; fileRef = 13971C211578033B0005994A /* README.txt */; };
		13E40D2E158392F100679260 /* release_notes.txt in Resources */ = {isa = PBXBuildFile; fileRef = 13971C221578033B0005994A /* release_notes.txt */; };
		13E40D2F158392F100679260 /* GUI-911_arrow.png in Resources */ = {isa = PBXBuildFile; fileRef = 1341247D1578F1D200373AC2 /* GUI-911_arrow.png */; };
		13E40D30158392F100679260 /* Localizable.strings in Resources */ = {isa = PBXBuildFile; fileRef = 1341248B157906E500373AC2 /* Localizable.strings */; };
		13E40D31158392F100679260 /* GUI-911_button@2x.png in Resources */ = {isa = PBXBuildFile; fileRef = 1341248D15790E8900373AC2 /* GUI-911_button@2x.png */; };
		13E40D32158392F100679260 /* GUI-911_button_big@2x.png in Resources */ = {isa = PBXBuildFile; fileRef = 1341248F1579134100373AC2 /* GUI-911_button_big@2x.png */; };
		13E40D33158392F100679260 /* GUI-911_button_big.png in Resources */ = {isa = PBXBuildFile; fileRef = 134124911579137B00373AC2 /* GUI-911_button_big.png */; };
		13E40D34158392F100679260 /* Africa.plist in Resources */ = {isa = PBXBuildFile; fileRef = 139152C0157E5F63002CA51D /* Africa.plist */; };
		13E40D35158392F100679260 /* Asia.plist in Resources */ = {isa = PBXBuildFile; fileRef = 139152C2157E5FBE002CA51D /* Asia.plist */; };
		13E40D36158392F100679260 /* SouthAmerica.plist in Resources */ = {isa = PBXBuildFile; fileRef = 139152C4157E5FF0002CA51D /* SouthAmerica.plist */; };
		13E40D37158392F100679260 /* NorthAmerica.plist in Resources */ = {isa = PBXBuildFile; fileRef = 139152C6157E5FFC002CA51D /* NorthAmerica.plist */; };
		13E40D38158392F100679260 /* CentralAmerica.plist in Resources */ = {isa = PBXBuildFile; fileRef = 139152C8157E6013002CA51D /* CentralAmerica.plist */; };
		13E40D39158392F100679260 /* AustraliaOceania.plist in Resources */ = {isa = PBXBuildFile; fileRef = 139152CA157E765F002CA51D /* AustraliaOceania.plist */; };
		13E40D3A158392F100679260 /* InfoPage.plist in Resources */ = {isa = PBXBuildFile; fileRef = 133C72211580CEF100AE031E /* InfoPage.plist */; };
		13E40D3B158392F100679260 /* GUI-911_info_button.png in Resources */ = {isa = PBXBuildFile; fileRef = 13AD118E15835DFB0096E89C /* GUI-911_info_button.png */; };
		13E40D3C158392F100679260 /* GUI-911_logo.png in Resources */ = {isa = PBXBuildFile; fileRef = 13AD118F15835DFB0096E89C /* GUI-911_logo.png */; };
		13E40D3D158392F100679260 /* GUI-911_twitter.png in Resources */ = {isa = PBXBuildFile; fileRef = 13AD119015835DFB0096E89C /* GUI-911_twitter.png */; };
		13E40D3E158392F100679260 /* Default@2x.png in Resources */ = {isa = PBXBuildFile; fileRef = 135850E015838F7D007F2131 /* Default@2x.png */; };
		13E40D3F158392F100679260 /* Default.png in Resources */ = {isa = PBXBuildFile; fileRef = 135850E215838F81007F2131 /* Default.png */; };
/* End PBXBuildFile section */

/* Begin PBXFileReference section */
		130EF2FB156803EF009E9711 /* Int911Caller.app */ = {isa = PBXFileReference; explicitFileType = wrapper.application; includeInIndex = 0; path = Int911Caller.app; sourceTree = BUILT_PRODUCTS_DIR; };
		130EF2FF156803EF009E9711 /* UIKit.framework */ = {isa = PBXFileReference; lastKnownFileType = wrapper.framework; name = UIKit.framework; path = System/Library/Frameworks/UIKit.framework; sourceTree = SDKROOT; };
		130EF301156803EF009E9711 /* Foundation.framework */ = {isa = PBXFileReference; lastKnownFileType = wrapper.framework; name = Foundation.framework; path = System/Library/Frameworks/Foundation.framework; sourceTree = SDKROOT; };
		130EF303156803EF009E9711 /* CoreGraphics.framework */ = {isa = PBXFileReference; lastKnownFileType = wrapper.framework; name = CoreGraphics.framework; path = System/Library/Frameworks/CoreGraphics.framework; sourceTree = SDKROOT; };
		130EF307156803EF009E9711 /* Int911Caller-Info.plist */ = {isa = PBXFileReference; lastKnownFileType = text.plist.xml; path = "Int911Caller-Info.plist"; sourceTree = "<group>"; };
		130EF309156803EF009E9711 /* en */ = {isa = PBXFileReference; lastKnownFileType = text.plist.strings; name = en; path = en.lproj/InfoPlist.strings; sourceTree = "<group>"; };
		130EF30B156803EF009E9711 /* main.m */ = {isa = PBXFileReference; lastKnownFileType = sourcecode.c.objc; path = main.m; sourceTree = "<group>"; };
		130EF30D156803EF009E9711 /* Int911Caller-Prefix.pch */ = {isa = PBXFileReference; lastKnownFileType = sourcecode.c.h; path = "Int911Caller-Prefix.pch"; sourceTree = "<group>"; };
		130EF30E156803EF009E9711 /* AppDelegate.h */ = {isa = PBXFileReference; lastKnownFileType = sourcecode.c.h; path = AppDelegate.h; sourceTree = "<group>"; };
		130EF30F156803EF009E9711 /* AppDelegate.m */ = {isa = PBXFileReference; lastKnownFileType = sourcecode.c.objc; path = AppDelegate.m; sourceTree = "<group>"; };
		130EF312156803EF009E9711 /* en */ = {isa = PBXFileReference; lastKnownFileType = file.storyboard; name = en; path = en.lproj/MainStoryboard.storyboard; sourceTree = "<group>"; };
		130EF314156803EF009E9711 /* CountryListViewController.h */ = {isa = PBXFileReference; lastKnownFileType = sourcecode.c.h; path = CountryListViewController.h; sourceTree = "<group>"; };
		130EF315156803EF009E9711 /* CountryListViewController.m */ = {isa = PBXFileReference; lastKnownFileType = sourcecode.c.objc; path = CountryListViewController.m; sourceTree = "<group>"; };
		130EF317156803EF009E9711 /* DetailViewController.h */ = {isa = PBXFileReference; lastKnownFileType = sourcecode.c.h; path = DetailViewController.h; sourceTree = "<group>"; };
		130EF318156803EF009E9711 /* DetailViewController.m */ = {isa = PBXFileReference; lastKnownFileType = sourcecode.c.objc; path = DetailViewController.m; sourceTree = "<group>"; };
		130EF3261568093E009E9711 /* Europe.plist */ = {isa = PBXFileReference; fileEncoding = 4; lastKnownFileType = text.plist.xml; path = Europe.plist; sourceTree = "<group>"; };
		130EF328156824ED009E9711 /* LocationViewController.h */ = {isa = PBXFileReference; fileEncoding = 4; lastKnownFileType = sourcecode.c.h; path = LocationViewController.h; sourceTree = "<group>"; };
		130EF329156824ED009E9711 /* LocationViewController.m */ = {isa = PBXFileReference; fileEncoding = 4; lastKnownFileType = sourcecode.c.objc; path = LocationViewController.m; sourceTree = "<group>"; };
		130EF32E15683462009E9711 /* CoreLocation.framework */ = {isa = PBXFileReference; lastKnownFileType = wrapper.framework; name = CoreLocation.framework; path = System/Library/Frameworks/CoreLocation.framework; sourceTree = SDKROOT; };
		132CC12515777C560059E90B /* CallButton.h */ = {isa = PBXFileReference; fileEncoding = 4; lastKnownFileType = sourcecode.c.h; path = CallButton.h; sourceTree = "<group>"; };
		132CC12615777C560059E90B /* CallButton.m */ = {isa = PBXFileReference; fileEncoding = 4; lastKnownFileType = sourcecode.c.objc; path = CallButton.m; sourceTree = "<group>"; };
		132CC129157781EC0059E90B /* GUI-911_error.png */ = {isa = PBXFileReference; lastKnownFileType = image.png; path = "GUI-911_error.png"; sourceTree = "<group>"; };
		132CC1411577C4490059E90B /* 74-location.png */ = {isa = PBXFileReference; lastKnownFileType = image.png; path = "74-location.png"; sourceTree = "<group>"; };
		132CC1421577C4490059E90B /* 74-location@2x.png */ = {isa = PBXFileReference; lastKnownFileType = image.png; path = "74-location@2x.png"; sourceTree = "<group>"; };
		132CC1451577C4A10059E90B /* 104-index-cards.png */ = {isa = PBXFileReference; lastKnownFileType = image.png; path = "104-index-cards.png"; sourceTree = "<group>"; };
		132CC1461577C4A10059E90B /* 104-index-cards@2x.png */ = {isa = PBXFileReference; lastKnownFileType = image.png; path = "104-index-cards@2x.png"; sourceTree = "<group>"; };
		133C72211580CEF100AE031E /* InfoPage.plist */ = {isa = PBXFileReference; fileEncoding = 4; lastKnownFileType = text.plist.xml; path = InfoPage.plist; sourceTree = "<group>"; };
		133C726C1580D2E500AE031E /* Security.framework */ = {isa = PBXFileReference; lastKnownFileType = wrapper.framework; name = Security.framework; path = System/Library/Frameworks/Security.framework; sourceTree = SDKROOT; };
		133C726E1580D2EE00AE031E /* MessageUI.framework */ = {isa = PBXFileReference; lastKnownFileType = wrapper.framework; name = MessageUI.framework; path = System/Library/Frameworks/MessageUI.framework; sourceTree = SDKROOT; };
		1341247D1578F1D200373AC2 /* GUI-911_arrow.png */ = {isa = PBXFileReference; lastKnownFileType = image.png; path = "GUI-911_arrow.png"; sourceTree = "<group>"; };
		134124861578FCD400373AC2 /* ErrorViewController.h */ = {isa = PBXFileReference; fileEncoding = 4; lastKnownFileType = sourcecode.c.h; path = ErrorViewController.h; sourceTree = "<group>"; };
		134124871578FCD400373AC2 /* ErrorViewController.m */ = {isa = PBXFileReference; fileEncoding = 4; lastKnownFileType = sourcecode.c.objc; path = ErrorViewController.m; sourceTree = "<group>"; };
		1341248A157906E500373AC2 /* en */ = {isa = PBXFileReference; lastKnownFileType = text.plist.strings; name = en; path = en.lproj/Localizable.strings; sourceTree = "<group>"; };
		1341248C157906EC00373AC2 /* nb */ = {isa = PBXFileReference; lastKnownFileType = text.plist.strings; name = nb; path = nb.lproj/Localizable.strings; sourceTree = "<group>"; };
		1341248D15790E8900373AC2 /* GUI-911_button@2x.png */ = {isa = PBXFileReference; lastKnownFileType = image.png; path = "GUI-911_button@2x.png"; sourceTree = "<group>"; };
		1341248F1579134100373AC2 /* GUI-911_button_big@2x.png */ = {isa = PBXFileReference; lastKnownFileType = image.png; path = "GUI-911_button_big@2x.png"; sourceTree = "<group>"; };
		134124911579137B00373AC2 /* GUI-911_button_big.png */ = {isa = PBXFileReference; lastKnownFileType = image.png; path = "GUI-911_button_big.png"; sourceTree = "<group>"; };
		135850E015838F7D007F2131 /* Default@2x.png */ = {isa = PBXFileReference; lastKnownFileType = image.png; path = "Default@2x.png"; sourceTree = "<group>"; };
		135850E215838F81007F2131 /* Default.png */ = {isa = PBXFileReference; lastKnownFileType = image.png; path = Default.png; sourceTree = "<group>"; };
		137E20541574E57B0068E4E8 /* GUI-911_circle.png */ = {isa = PBXFileReference; lastKnownFileType = image.png; path = "GUI-911_circle.png"; sourceTree = "<group>"; };
		137E20591574E6910068E4E8 /* GUI-911_background.png */ = {isa = PBXFileReference; lastKnownFileType = image.png; path = "GUI-911_background.png"; sourceTree = "<group>"; };
		137E205A1574E6910068E4E8 /* GUI-911_button.png */ = {isa = PBXFileReference; lastKnownFileType = image.png; path = "GUI-911_button.png"; sourceTree = "<group>"; };
		138BA097156F7C4500B10296 /* SystemConfiguration.framework */ = {isa = PBXFileReference; lastKnownFileType = wrapper.framework; name = SystemConfiguration.framework; path = System/Library/Frameworks/SystemConfiguration.framework; sourceTree = SDKROOT; };
		139152C0157E5F63002CA51D /* Africa.plist */ = {isa = PBXFileReference; fileEncoding = 4; lastKnownFileType = text.plist.xml; path = Africa.plist; sourceTree = "<group>"; };
		139152C2157E5FBE002CA51D /* Asia.plist */ = {isa = PBXFileReference; fileEncoding = 4; lastKnownFileType = text.plist.xml; path = Asia.plist; sourceTree = "<group>"; };
		139152C4157E5FF0002CA51D /* SouthAmerica.plist */ = {isa = PBXFileReference; fileEncoding = 4; lastKnownFileType = text.plist.xml; path = SouthAmerica.plist; sourceTree = "<group>"; };
		139152C6157E5FFC002CA51D /* NorthAmerica.plist */ = {isa = PBXFileReference; fileEncoding = 4; lastKnownFileType = text.plist.xml; path = NorthAmerica.plist; sourceTree = "<group>"; };
		139152C8157E6013002CA51D /* CentralAmerica.plist */ = {isa = PBXFileReference; fileEncoding = 4; lastKnownFileType = text.plist.xml; path = CentralAmerica.plist; sourceTree = "<group>"; };
		139152CA157E765F002CA51D /* AustraliaOceania.plist */ = {isa = PBXFileReference; fileEncoding = 4; lastKnownFileType = text.plist.xml; path = AustraliaOceania.plist; sourceTree = "<group>"; };
		139152CC157E7C73002CA51D /* InfoViewController.h */ = {isa = PBXFileReference; fileEncoding = 4; lastKnownFileType = sourcecode.c.h; path = InfoViewController.h; sourceTree = "<group>"; };
		139152CD157E7C73002CA51D /* InfoViewController.m */ = {isa = PBXFileReference; fileEncoding = 4; lastKnownFileType = sourcecode.c.objc; path = InfoViewController.m; sourceTree = "<group>"; };
		13971C201578033B0005994A /* libTestFlight.a */ = {isa = PBXFileReference; lastKnownFileType = archive.ar; path = libTestFlight.a; sourceTree = "<group>"; };
		13971C211578033B0005994A /* README.txt */ = {isa = PBXFileReference; fileEncoding = 4; lastKnownFileType = text; path = README.txt; sourceTree = "<group>"; };
		13971C221578033B0005994A /* release_notes.txt */ = {isa = PBXFileReference; fileEncoding = 4; lastKnownFileType = text; path = release_notes.txt; sourceTree = "<group>"; };
		13971C231578033B0005994A /* TestFlight.h */ = {isa = PBXFileReference; fileEncoding = 4; lastKnownFileType = sourcecode.c.h; path = TestFlight.h; sourceTree = "<group>"; };
		13971C27157803880005994A /* libz.dylib */ = {isa = PBXFileReference; lastKnownFileType = "compiled.mach-o.dylib"; name = libz.dylib; path = usr/lib/libz.dylib; sourceTree = SDKROOT; };
		13AD118E15835DFB0096E89C /* GUI-911_info_button.png */ = {isa = PBXFileReference; lastKnownFileType = image.png; path = "GUI-911_info_button.png"; sourceTree = "<group>"; };
		13AD118F15835DFB0096E89C /* GUI-911_logo.png */ = {isa = PBXFileReference; lastKnownFileType = image.png; path = "GUI-911_logo.png"; sourceTree = "<group>"; };
		13AD119015835DFB0096E89C /* GUI-911_twitter.png */ = {isa = PBXFileReference; lastKnownFileType = image.png; path = "GUI-911_twitter.png"; sourceTree = "<group>"; };
		13C81CDC1572C01B00D16A7A /* Icon@2x.png */ = {isa = PBXFileReference; lastKnownFileType = image.png; path = "Icon@2x.png"; sourceTree = "<group>"; };
		13C81CDE1572C02500D16A7A /* Icon.png */ = {isa = PBXFileReference; lastKnownFileType = image.png; path = Icon.png; sourceTree = "<group>"; };
		13C81CEB1574BCF300D16A7A /* CountryListing.h */ = {isa = PBXFileReference; fileEncoding = 4; lastKnownFileType = sourcecode.c.h; path = CountryListing.h; sourceTree = "<group>"; };
		13C81CEC1574BCF300D16A7A /* CountryListing.m */ = {isa = PBXFileReference; fileEncoding = 4; lastKnownFileType = sourcecode.c.objc; path = CountryListing.m; sourceTree = "<group>"; };
		13E40D44158392F100679260 /* Test911Caller.app */ = {isa = PBXFileReference; explicitFileType = wrapper.application; includeInIndex = 0; path = Test911Caller.app; sourceTree = BUILT_PRODUCTS_DIR; };
		13E40D46158392F100679260 /* Int911CallerTest-Info.plist */ = {isa = PBXFileReference; lastKnownFileType = text.plist.xml; name = "Int911CallerTest-Info.plist"; path = "/Users/raae/bGraphic/APPS/Int911Caller/src/Int911CallerTest-Info.plist"; sourceTree = "<absolute>"; };
/* End PBXFileReference section */

/* Begin PBXFrameworksBuildPhase section */
		130EF2F8156803EF009E9711 /* Frameworks */ = {
			isa = PBXFrameworksBuildPhase;
			buildActionMask = 2147483647;
			files = (
				133C726F1580D2EE00AE031E /* MessageUI.framework in Frameworks */,
				133C726D1580D2E500AE031E /* Security.framework in Frameworks */,
				13971C28157803880005994A /* libz.dylib in Frameworks */,
				138BA098156F7C4500B10296 /* SystemConfiguration.framework in Frameworks */,
				130EF32F15683462009E9711 /* CoreLocation.framework in Frameworks */,
				130EF300156803EF009E9711 /* UIKit.framework in Frameworks */,
				130EF302156803EF009E9711 /* Foundation.framework in Frameworks */,
				130EF304156803EF009E9711 /* CoreGraphics.framework in Frameworks */,
				13971C241578033B0005994A /* libTestFlight.a in Frameworks */,
			);
			runOnlyForDeploymentPostprocessing = 0;
		};
		13E40D15158392F100679260 /* Frameworks */ = {
			isa = PBXFrameworksBuildPhase;
			buildActionMask = 2147483647;
			files = (
				13E40D16158392F100679260 /* MessageUI.framework in Frameworks */,
				13E40D17158392F100679260 /* Security.framework in Frameworks */,
				13E40D18158392F100679260 /* libz.dylib in Frameworks */,
				13E40D19158392F100679260 /* SystemConfiguration.framework in Frameworks */,
				13E40D1A158392F100679260 /* CoreLocation.framework in Frameworks */,
				13E40D1B158392F100679260 /* UIKit.framework in Frameworks */,
				13E40D1C158392F100679260 /* Foundation.framework in Frameworks */,
				13E40D1D158392F100679260 /* CoreGraphics.framework in Frameworks */,
				13E40D1E158392F100679260 /* libTestFlight.a in Frameworks */,
			);
			runOnlyForDeploymentPostprocessing = 0;
		};
/* End PBXFrameworksBuildPhase section */

/* Begin PBXGroup section */
		130EF2F0156803EF009E9711 = {
			isa = PBXGroup;
			children = (
				135850E215838F81007F2131 /* Default.png */,
				135850E015838F7D007F2131 /* Default@2x.png */,
				130EF2FE156803EF009E9711 /* Frameworks */,
				13C81CDE1572C02500D16A7A /* Icon.png */,
				13C81CDC1572C01B00D16A7A /* Icon@2x.png */,
				130EF305156803EF009E9711 /* Int911Caller */,
				130EF2FC156803EF009E9711 /* Products */,
				13971C1F1578033B0005994A /* TestFlightSDK1.0 */,
			);
			sourceTree = "<group>";
		};
		130EF2FC156803EF009E9711 /* Products */ = {
			isa = PBXGroup;
			children = (
				130EF2FB156803EF009E9711 /* Int911Caller.app */,
				13E40D44158392F100679260 /* Test911Caller.app */,
			);
			name = Products;
			sourceTree = "<group>";
		};
		130EF2FE156803EF009E9711 /* Frameworks */ = {
			isa = PBXGroup;
			children = (
				133C726E1580D2EE00AE031E /* MessageUI.framework */,
				133C726C1580D2E500AE031E /* Security.framework */,
				13971C27157803880005994A /* libz.dylib */,
				138BA097156F7C4500B10296 /* SystemConfiguration.framework */,
				130EF32E15683462009E9711 /* CoreLocation.framework */,
				130EF2FF156803EF009E9711 /* UIKit.framework */,
				130EF301156803EF009E9711 /* Foundation.framework */,
				130EF303156803EF009E9711 /* CoreGraphics.framework */,
			);
			name = Frameworks;
			sourceTree = "<group>";
		};
		130EF305156803EF009E9711 /* Int911Caller */ = {
			isa = PBXGroup;
			children = (
				13C81CEB1574BCF300D16A7A /* CountryListing.h */,
				13C81CEC1574BCF300D16A7A /* CountryListing.m */,
				13C81CCE1572BFA400D16A7A /* gfx */,
				130EF30E156803EF009E9711 /* AppDelegate.h */,
				130EF30F156803EF009E9711 /* AppDelegate.m */,
				130EF311156803EF009E9711 /* MainStoryboard.storyboard */,
				130EF314156803EF009E9711 /* CountryListViewController.h */,
				130EF315156803EF009E9711 /* CountryListViewController.m */,
				130EF317156803EF009E9711 /* DetailViewController.h */,
				130EF318156803EF009E9711 /* DetailViewController.m */,
				130EF306156803EF009E9711 /* Supporting Files */,
				130EF328156824ED009E9711 /* LocationViewController.h */,
				130EF329156824ED009E9711 /* LocationViewController.m */,
				132CC12515777C560059E90B /* CallButton.h */,
				132CC12615777C560059E90B /* CallButton.m */,
				134124861578FCD400373AC2 /* ErrorViewController.h */,
				134124871578FCD400373AC2 /* ErrorViewController.m */,
				139152CC157E7C73002CA51D /* InfoViewController.h */,
				139152CD157E7C73002CA51D /* InfoViewController.m */,
			);
			path = Int911Caller;
			sourceTree = "<group>";
		};
		130EF306156803EF009E9711 /* Supporting Files */ = {
			isa = PBXGroup;
			children = (
				13E40D46158392F100679260 /* Int911CallerTest-Info.plist */,
				130EF307156803EF009E9711 /* Int911Caller-Info.plist */,
				130EF308156803EF009E9711 /* InfoPlist.strings */,
				130EF30B156803EF009E9711 /* main.m */,
				130EF30D156803EF009E9711 /* Int911Caller-Prefix.pch */,
				130EF3261568093E009E9711 /* Europe.plist */,
				1341248B157906E500373AC2 /* Localizable.strings */,
				139152C0157E5F63002CA51D /* Africa.plist */,
				139152C2157E5FBE002CA51D /* Asia.plist */,
				139152C4157E5FF0002CA51D /* SouthAmerica.plist */,
				139152C6157E5FFC002CA51D /* NorthAmerica.plist */,
				139152C8157E6013002CA51D /* CentralAmerica.plist */,
				139152CA157E765F002CA51D /* AustraliaOceania.plist */,
				133C72211580CEF100AE031E /* InfoPage.plist */,
			);
			name = "Supporting Files";
			sourceTree = "<group>";
		};
		13971C1F1578033B0005994A /* TestFlightSDK1.0 */ = {
			isa = PBXGroup;
			children = (
				13971C201578033B0005994A /* libTestFlight.a */,
				13971C211578033B0005994A /* README.txt */,
				13971C221578033B0005994A /* release_notes.txt */,
				13971C231578033B0005994A /* TestFlight.h */,
			);
			path = TestFlightSDK1.0;
			sourceTree = "<group>";
		};
		13C81CCE1572BFA400D16A7A /* gfx */ = {
			isa = PBXGroup;
			children = (
				13AD118E15835DFB0096E89C /* GUI-911_info_button.png */,
				13AD118F15835DFB0096E89C /* GUI-911_logo.png */,
				13AD119015835DFB0096E89C /* GUI-911_twitter.png */,
				134124911579137B00373AC2 /* GUI-911_button_big.png */,
				1341248F1579134100373AC2 /* GUI-911_button_big@2x.png */,
				1341247D1578F1D200373AC2 /* GUI-911_arrow.png */,
				1341248D15790E8900373AC2 /* GUI-911_button@2x.png */,
				132CC1451577C4A10059E90B /* 104-index-cards.png */,
				132CC1461577C4A10059E90B /* 104-index-cards@2x.png */,
				132CC1411577C4490059E90B /* 74-location.png */,
				132CC1421577C4490059E90B /* 74-location@2x.png */,
				132CC129157781EC0059E90B /* GUI-911_error.png */,
				137E20591574E6910068E4E8 /* GUI-911_background.png */,
				137E205A1574E6910068E4E8 /* GUI-911_button.png */,
				137E20541574E57B0068E4E8 /* GUI-911_circle.png */,
			);
			name = gfx;
			sourceTree = "<group>";
		};
/* End PBXGroup section */

/* Begin PBXNativeTarget section */
		130EF2FA156803EF009E9711 /* Int911Caller */ = {
			isa = PBXNativeTarget;
			buildConfigurationList = 130EF31C156803EF009E9711 /* Build configuration list for PBXNativeTarget "Int911Caller" */;
			buildPhases = (
				130EF2F7156803EF009E9711 /* Sources */,
				130EF2F8156803EF009E9711 /* Frameworks */,
				130EF2F9156803EF009E9711 /* Resources */,
			);
			buildRules = (
			);
			dependencies = (
			);
			name = Int911Caller;
			productName = Int911Caller;
			productReference = 130EF2FB156803EF009E9711 /* Int911Caller.app */;
			productType = "com.apple.product-type.application";
		};
		13E40D0A158392F100679260 /* Int911Caller (beta) */ = {
			isa = PBXNativeTarget;
			buildConfigurationList = 13E40D40158392F100679260 /* Build configuration list for PBXNativeTarget "Int911Caller (beta)" */;
			buildPhases = (
				13E40D0B158392F100679260 /* Sources */,
				13E40D15158392F100679260 /* Frameworks */,
				13E40D1F158392F100679260 /* Resources */,
			);
			buildRules = (
			);
			dependencies = (
			);
			name = "Int911Caller (beta)";
			productName = Int911Caller;
			productReference = 13E40D44158392F100679260 /* Test911Caller.app */;
			productType = "com.apple.product-type.application";
		};
/* End PBXNativeTarget section */

/* Begin PBXProject section */
		130EF2F2156803EF009E9711 /* Project object */ = {
			isa = PBXProject;
			attributes = {
				LastUpgradeCheck = 0430;
			};
			buildConfigurationList = 130EF2F5156803EF009E9711 /* Build configuration list for PBXProject "Int911Caller" */;
			compatibilityVersion = "Xcode 3.2";
			developmentRegion = English;
			hasScannedForEncodings = 0;
			knownRegions = (
				en,
				nb,
				de,
			);
			mainGroup = 130EF2F0156803EF009E9711;
			productRefGroup = 130EF2FC156803EF009E9711 /* Products */;
			projectDirPath = "";
			projectRoot = "";
			targets = (
				130EF2FA156803EF009E9711 /* Int911Caller */,
				13E40D0A158392F100679260 /* Int911Caller (beta) */,
			);
		};
/* End PBXProject section */

/* Begin PBXResourcesBuildPhase section */
		130EF2F9156803EF009E9711 /* Resources */ = {
			isa = PBXResourcesBuildPhase;
			buildActionMask = 2147483647;
			files = (
				130EF30A156803EF009E9711 /* InfoPlist.strings in Resources */,
				130EF313156803EF009E9711 /* MainStoryboard.storyboard in Resources */,
				130EF3271568093E009E9711 /* Europe.plist in Resources */,
				13C81CDD1572C01B00D16A7A /* Icon@2x.png in Resources */,
				13C81CDF1572C02500D16A7A /* Icon.png in Resources */,
				137E20571574E57B0068E4E8 /* GUI-911_circle.png in Resources */,
				137E205B1574E6910068E4E8 /* GUI-911_background.png in Resources */,
				137E205C1574E6910068E4E8 /* GUI-911_button.png in Resources */,
				132CC12A157781EC0059E90B /* GUI-911_error.png in Resources */,
				132CC1431577C4490059E90B /* 74-location.png in Resources */,
				132CC1441577C4490059E90B /* 74-location@2x.png in Resources */,
				132CC1471577C4A10059E90B /* 104-index-cards.png in Resources */,
				132CC1481577C4A10059E90B /* 104-index-cards@2x.png in Resources */,
				13971C251578033B0005994A /* README.txt in Resources */,
				13971C261578033B0005994A /* release_notes.txt in Resources */,
				1341247E1578F1D200373AC2 /* GUI-911_arrow.png in Resources */,
				13412489157906E500373AC2 /* Localizable.strings in Resources */,
				1341248E15790E8900373AC2 /* GUI-911_button@2x.png in Resources */,
				134124901579134100373AC2 /* GUI-911_button_big@2x.png in Resources */,
				134124921579137B00373AC2 /* GUI-911_button_big.png in Resources */,
				139152C1157E5F63002CA51D /* Africa.plist in Resources */,
				139152C3157E5FBE002CA51D /* Asia.plist in Resources */,
				139152C5157E5FF0002CA51D /* SouthAmerica.plist in Resources */,
				139152C7157E5FFC002CA51D /* NorthAmerica.plist in Resources */,
				139152C9157E6013002CA51D /* CentralAmerica.plist in Resources */,
				139152CB157E765F002CA51D /* AustraliaOceania.plist in Resources */,
				133C72221580CEF100AE031E /* InfoPage.plist in Resources */,
				13AD119115835DFB0096E89C /* GUI-911_info_button.png in Resources */,
				13AD119215835DFB0096E89C /* GUI-911_logo.png in Resources */,
				13AD119315835DFB0096E89C /* GUI-911_twitter.png in Resources */,
				135850E115838F7D007F2131 /* Default@2x.png in Resources */,
				135850E315838F81007F2131 /* Default.png in Resources */,
			);
			runOnlyForDeploymentPostprocessing = 0;
		};
		13E40D1F158392F100679260 /* Resources */ = {
			isa = PBXResourcesBuildPhase;
			buildActionMask = 2147483647;
			files = (
				13E40D20158392F100679260 /* InfoPlist.strings in Resources */,
				13E40D21158392F100679260 /* MainStoryboard.storyboard in Resources */,
				13E40D22158392F100679260 /* Europe.plist in Resources */,
				13E40D23158392F100679260 /* Icon@2x.png in Resources */,
				13E40D24158392F100679260 /* Icon.png in Resources */,
				13E40D25158392F100679260 /* GUI-911_circle.png in Resources */,
				13E40D26158392F100679260 /* GUI-911_background.png in Resources */,
				13E40D27158392F100679260 /* GUI-911_button.png in Resources */,
				13E40D28158392F100679260 /* GUI-911_error.png in Resources */,
				13E40D29158392F100679260 /* 74-location.png in Resources */,
				13E40D2A158392F100679260 /* 74-location@2x.png in Resources */,
				13E40D2B158392F100679260 /* 104-index-cards.png in Resources */,
				13E40D2C158392F100679260 /* 104-index-cards@2x.png in Resources */,
				13E40D2D158392F100679260 /* README.txt in Resources */,
				13E40D2E158392F100679260 /* release_notes.txt in Resources */,
				13E40D2F158392F100679260 /* GUI-911_arrow.png in Resources */,
				13E40D30158392F100679260 /* Localizable.strings in Resources */,
				13E40D31158392F100679260 /* GUI-911_button@2x.png in Resources */,
				13E40D32158392F100679260 /* GUI-911_button_big@2x.png in Resources */,
				13E40D33158392F100679260 /* GUI-911_button_big.png in Resources */,
				13E40D34158392F100679260 /* Africa.plist in Resources */,
				13E40D35158392F100679260 /* Asia.plist in Resources */,
				13E40D36158392F100679260 /* SouthAmerica.plist in Resources */,
				13E40D37158392F100679260 /* NorthAmerica.plist in Resources */,
				13E40D38158392F100679260 /* CentralAmerica.plist in Resources */,
				13E40D39158392F100679260 /* AustraliaOceania.plist in Resources */,
				13E40D3A158392F100679260 /* InfoPage.plist in Resources */,
				13E40D3B158392F100679260 /* GUI-911_info_button.png in Resources */,
				13E40D3C158392F100679260 /* GUI-911_logo.png in Resources */,
				13E40D3D158392F100679260 /* GUI-911_twitter.png in Resources */,
				13E40D3E158392F100679260 /* Default@2x.png in Resources */,
				13E40D3F158392F100679260 /* Default.png in Resources */,
			);
			runOnlyForDeploymentPostprocessing = 0;
		};
/* End PBXResourcesBuildPhase section */

/* Begin PBXSourcesBuildPhase section */
		130EF2F7156803EF009E9711 /* Sources */ = {
			isa = PBXSourcesBuildPhase;
			buildActionMask = 2147483647;
			files = (
				130EF30C156803EF009E9711 /* main.m in Sources */,
				130EF310156803EF009E9711 /* AppDelegate.m in Sources */,
				130EF316156803EF009E9711 /* CountryListViewController.m in Sources */,
				130EF319156803EF009E9711 /* DetailViewController.m in Sources */,
				130EF32A156824ED009E9711 /* LocationViewController.m in Sources */,
				13C81CED1574BCF300D16A7A /* CountryListing.m in Sources */,
				132CC12715777C560059E90B /* CallButton.m in Sources */,
				134124881578FCD400373AC2 /* ErrorViewController.m in Sources */,
				139152CE157E7C73002CA51D /* InfoViewController.m in Sources */,
			);
			runOnlyForDeploymentPostprocessing = 0;
		};
		13E40D0B158392F100679260 /* Sources */ = {
			isa = PBXSourcesBuildPhase;
			buildActionMask = 2147483647;
			files = (
				13E40D0C158392F100679260 /* main.m in Sources */,
				13E40D0D158392F100679260 /* AppDelegate.m in Sources */,
				13E40D0E158392F100679260 /* CountryListViewController.m in Sources */,
				13E40D0F158392F100679260 /* DetailViewController.m in Sources */,
				13E40D10158392F100679260 /* LocationViewController.m in Sources */,
				13E40D11158392F100679260 /* CountryListing.m in Sources */,
				13E40D12158392F100679260 /* CallButton.m in Sources */,
				13E40D13158392F100679260 /* ErrorViewController.m in Sources */,
				13E40D14158392F100679260 /* InfoViewController.m in Sources */,
			);
			runOnlyForDeploymentPostprocessing = 0;
		};
/* End PBXSourcesBuildPhase section */

/* Begin PBXVariantGroup section */
		130EF308156803EF009E9711 /* InfoPlist.strings */ = {
			isa = PBXVariantGroup;
			children = (
				130EF309156803EF009E9711 /* en */,
			);
			name = InfoPlist.strings;
			sourceTree = "<group>";
		};
		130EF311156803EF009E9711 /* MainStoryboard.storyboard */ = {
			isa = PBXVariantGroup;
			children = (
				130EF312156803EF009E9711 /* en */,
			);
			name = MainStoryboard.storyboard;
			sourceTree = "<group>";
		};
		1341248B157906E500373AC2 /* Localizable.strings */ = {
			isa = PBXVariantGroup;
			children = (
				1341248A157906E500373AC2 /* en */,
				1341248C157906EC00373AC2 /* nb */,
			);
			name = Localizable.strings;
			sourceTree = "<group>";
		};
/* End PBXVariantGroup section */

/* Begin XCBuildConfiguration section */
		130EF31A156803EF009E9711 /* Debug */ = {
			isa = XCBuildConfiguration;
			buildSettings = {
				ALWAYS_SEARCH_USER_PATHS = NO;
				ARCHS = "$(ARCHS_STANDARD_32_BIT)";
				CLANG_ENABLE_OBJC_ARC = YES;
				"CODE_SIGN_IDENTITY[sdk=iphoneos*]" = "iPhone Developer";
				COPY_PHASE_STRIP = NO;
				GCC_C_LANGUAGE_STANDARD = gnu99;
				GCC_DYNAMIC_NO_PIC = NO;
				GCC_OPTIMIZATION_LEVEL = 0;
				GCC_PREPROCESSOR_DEFINITIONS = (
					"DEBUG=1",
					"$(inherited)",
				);
				GCC_SYMBOLS_PRIVATE_EXTERN = NO;
				GCC_VERSION = com.apple.compilers.llvm.clang.1_0;
				GCC_WARN_ABOUT_RETURN_TYPE = YES;
				GCC_WARN_UNINITIALIZED_AUTOS = YES;
				GCC_WARN_UNUSED_VARIABLE = YES;
				IPHONEOS_DEPLOYMENT_TARGET = 5.1;
				SDKROOT = iphoneos;
			};
			name = Debug;
		};
		130EF31B156803EF009E9711 /* Release */ = {
			isa = XCBuildConfiguration;
			buildSettings = {
				ALWAYS_SEARCH_USER_PATHS = NO;
				ARCHS = "$(ARCHS_STANDARD_32_BIT)";
				CLANG_ENABLE_OBJC_ARC = YES;
				"CODE_SIGN_IDENTITY[sdk=iphoneos*]" = "iPhone Developer";
				COPY_PHASE_STRIP = YES;
				GCC_C_LANGUAGE_STANDARD = gnu99;
				GCC_VERSION = com.apple.compilers.llvm.clang.1_0;
				GCC_WARN_ABOUT_RETURN_TYPE = YES;
				GCC_WARN_UNINITIALIZED_AUTOS = YES;
				GCC_WARN_UNUSED_VARIABLE = YES;
				IPHONEOS_DEPLOYMENT_TARGET = 5.1;
				OTHER_CFLAGS = "-DNS_BLOCK_ASSERTIONS=1";
				SDKROOT = iphoneos;
				VALIDATE_PRODUCT = YES;
			};
			name = Release;
		};
		130EF31D156803EF009E9711 /* Debug */ = {
			isa = XCBuildConfiguration;
			buildSettings = {
				"CODE_SIGN_IDENTITY[sdk=iphoneos*]" = "iPhone Distribution: Benedicte Raae";
				GCC_PRECOMPILE_PREFIX_HEADER = YES;
				GCC_PREFIX_HEADER = "Int911Caller/Int911Caller-Prefix.pch";
				GCC_PREPROCESSOR_DEFINITIONS = "DEBUG=1";
				INFOPLIST_FILE = "Int911Caller/Int911Caller-Info.plist";
				IPHONEOS_DEPLOYMENT_TARGET = 5.0;
				LIBRARY_SEARCH_PATHS = (
					"$(inherited)",
					"\"$(SRCROOT)/TestFlightSDK1.0\"",
				);
				PRODUCT_NAME = Int911Caller;
				"PROVISIONING_PROFILE[sdk=iphoneos*]" = "4F084E3D-9AE5-4718-A61A-7D271716025F";
				WRAPPER_EXTENSION = app;
			};
			name = Debug;
		};
		130EF31E156803EF009E9711 /* Release */ = {
			isa = XCBuildConfiguration;
			buildSettings = {
				"CODE_SIGN_IDENTITY[sdk=iphoneos*]" = "iPhone Distribution: bGraphic AS";
				GCC_PRECOMPILE_PREFIX_HEADER = YES;
				GCC_PREFIX_HEADER = "Int911Caller/Int911Caller-Prefix.pch";
				GCC_PREPROCESSOR_DEFINITIONS = "RELEASE=1";
				INFOPLIST_FILE = "Int911Caller/Int911Caller-Info.plist";
				IPHONEOS_DEPLOYMENT_TARGET = 5.0;
				LIBRARY_SEARCH_PATHS = (
					"$(inherited)",
					"\"$(SRCROOT)/TestFlightSDK1.0\"",
				);
				PRODUCT_NAME = Int911Caller;
				"PROVISIONING_PROFILE[sdk=iphoneos*]" = "EB59F486-A4A6-4834-9EDB-23EDACFC050A";
				WRAPPER_EXTENSION = app;
			};
			name = Release;
		};
		13C81CF21574D57900D16A7A /* AdHoc */ = {
			isa = XCBuildConfiguration;
			buildSettings = {
				ALWAYS_SEARCH_USER_PATHS = NO;
				ARCHS = "$(ARCHS_STANDARD_32_BIT)";
				CLANG_ENABLE_OBJC_ARC = YES;
				"CODE_SIGN_IDENTITY[sdk=iphoneos*]" = "iPhone Developer";
				COPY_PHASE_STRIP = YES;
				GCC_C_LANGUAGE_STANDARD = gnu99;
				GCC_VERSION = com.apple.compilers.llvm.clang.1_0;
				GCC_WARN_ABOUT_RETURN_TYPE = YES;
				GCC_WARN_UNINITIALIZED_AUTOS = YES;
				GCC_WARN_UNUSED_VARIABLE = YES;
				IPHONEOS_DEPLOYMENT_TARGET = 5.1;
				OTHER_CFLAGS = "-DNS_BLOCK_ASSERTIONS=1";
				SDKROOT = iphoneos;
				VALIDATE_PRODUCT = YES;
			};
			name = AdHoc;
		};
		13C81CF31574D57900D16A7A /* AdHoc */ = {
			isa = XCBuildConfiguration;
			buildSettings = {
				"CODE_SIGN_IDENTITY[sdk=iphoneos*]" = "iPhone Distribution: Benedicte Raae";
				GCC_PRECOMPILE_PREFIX_HEADER = YES;
				GCC_PREFIX_HEADER = "Int911Caller/Int911Caller-Prefix.pch";
				GCC_PREPROCESSOR_DEFINITIONS = "ADHOC=1";
				INFOPLIST_FILE = "Int911Caller/Int911Caller-Info.plist";
				IPHONEOS_DEPLOYMENT_TARGET = 5.0;
				LIBRARY_SEARCH_PATHS = (
					"$(inherited)",
					"\"$(SRCROOT)/TestFlightSDK1.0\"",
				);
				PRODUCT_NAME = Int911Caller;
				"PROVISIONING_PROFILE[sdk=iphoneos*]" = "4F084E3D-9AE5-4718-A61A-7D271716025F";
				WRAPPER_EXTENSION = app;
			};
			name = AdHoc;
		};
		13E40D41158392F100679260 /* Debug */ = {
			isa = XCBuildConfiguration;
			buildSettings = {
				GCC_PRECOMPILE_PREFIX_HEADER = YES;
				GCC_PREFIX_HEADER = "Int911Caller/Int911Caller-Prefix.pch";
				GCC_PREPROCESSOR_DEFINITIONS = "DEBUG=1";
				INFOPLIST_FILE = "Int911CallerTest-Info.plist";
				IPHONEOS_DEPLOYMENT_TARGET = 5.0;
				LIBRARY_SEARCH_PATHS = (
					"$(inherited)",
					"\"$(SRCROOT)/TestFlightSDK1.0\"",
				);
				PRODUCT_NAME = Test911Caller;
				WRAPPER_EXTENSION = app;
			};
			name = Debug;
		};
		13E40D42158392F100679260 /* Release */ = {
			isa = XCBuildConfiguration;
			buildSettings = {
				GCC_PRECOMPILE_PREFIX_HEADER = YES;
				GCC_PREFIX_HEADER = "Int911Caller/Int911Caller-Prefix.pch";
				GCC_PREPROCESSOR_DEFINITIONS = "RELEASE=1";
				INFOPLIST_FILE = "Int911CallerTest-Info.plist";
				IPHONEOS_DEPLOYMENT_TARGET = 5.0;
				LIBRARY_SEARCH_PATHS = (
					"$(inherited)",
					"\"$(SRCROOT)/TestFlightSDK1.0\"",
				);
				PRODUCT_NAME = Test911Caller;
				WRAPPER_EXTENSION = app;
			};
			name = Release;
		};
		13E40D43158392F100679260 /* AdHoc */ = {
			isa = XCBuildConfiguration;
			buildSettings = {
				"CODE_SIGN_IDENTITY[sdk=iphoneos*]" = "iPhone Distribution: Benedicte Raae";
				GCC_PRECOMPILE_PREFIX_HEADER = YES;
				GCC_PREFIX_HEADER = "Int911Caller/Int911Caller-Prefix.pch";
				GCC_PREPROCESSOR_DEFINITIONS = "ADHOC=1";
				INFOPLIST_FILE = "Int911CallerTest-Info.plist";
				IPHONEOS_DEPLOYMENT_TARGET = 5.0;
				LIBRARY_SEARCH_PATHS = (
					"$(inherited)",
					"\"$(SRCROOT)/TestFlightSDK1.0\"",
				);
				PRODUCT_NAME = Test911Caller;
				"PROVISIONING_PROFILE[sdk=iphoneos*]" = "4F084E3D-9AE5-4718-A61A-7D271716025F";
				WRAPPER_EXTENSION = app;
			};
			name = AdHoc;
		};
/* End XCBuildConfiguration section */

/* Begin XCConfigurationList section */
		130EF2F5156803EF009E9711 /* Build configuration list for PBXProject "Int911Caller" */ = {
			isa = XCConfigurationList;
			buildConfigurations = (
				130EF31A156803EF009E9711 /* Debug */,
				130EF31B156803EF009E9711 /* Release */,
				13C81CF21574D57900D16A7A /* AdHoc */,
			);
			defaultConfigurationIsVisible = 0;
			defaultConfigurationName = Release;
		};
		130EF31C156803EF009E9711 /* Build configuration list for PBXNativeTarget "Int911Caller" */ = {
			isa = XCConfigurationList;
			buildConfigurations = (
				130EF31D156803EF009E9711 /* Debug */,
				130EF31E156803EF009E9711 /* Release */,
				13C81CF31574D57900D16A7A /* AdHoc */,
			);
			defaultConfigurationIsVisible = 0;
			defaultConfigurationName = Release;
		};
		13E40D40158392F100679260 /* Build configuration list for PBXNativeTarget "Int911Caller (beta)" */ = {
			isa = XCConfigurationList;
			buildConfigurations = (
				13E40D41158392F100679260 /* Debug */,
				13E40D42158392F100679260 /* Release */,
				13E40D43158392F100679260 /* AdHoc */,
			);
			defaultConfigurationIsVisible = 0;
			defaultConfigurationName = Release;
		};
/* End XCConfigurationList section */
	};
	rootObject = 130EF2F2156803EF009E9711 /* Project object */;
}
